lockfileVersion: '9.0'

settings:
  autoInstallPeers: true
  excludeLinksFromLockfile: false

importers:

  .:
    dependencies:
      wl-pinyin:
        specifier: ^1.0.1
        version: 1.0.1

packages:

  wl-pinyin@1.0.1:
    resolution: {integrity: sha512-cn7MSdsJoaC6a4w94OoScCui2OuJhVNOZ/DL0g+6ZHWkDxKvwUQPC5NQiOOsBGql65YTgV5DTZRUzvJ1ATbTOw==, tarball: https://registry.npmmirror.com/wl-pinyin/-/wl-pinyin-1.0.1.tgz}

snapshots:

  wl-pinyin@1.0.1: {}
